
Microsoft Visual Studio Solution File, Format Version 12.00
# Visual Studio Version 17
VisualStudioVersion = 17.5.33424.131
MinimumVisualStudioVersion = 10.0.40219.1
Project("{2150E333-8FDC-42A3-9474-1A3956D46DE8}") = "src", "src", "{BBDE2F2B-9BEB-4C5A-A26F-9F0A1D0E7DEC}"
EndProject
Project("{2150E333-8FDC-42A3-9474-1A3956D46DE8}") = "Core", "Core", "{D31FBB35-A277-40D1-AB9F-5FA38ECA5F2B}"
EndProject
Project("{2150E333-8FDC-42A3-9474-1A3956D46DE8}") = "Infrastructure", "Infrastructure", "{A4B85FF5-D7A7-46E2-B35E-5D9BEEDA5EE8}"
EndProject
Project("{2150E333-8FDC-42A3-9474-1A3956D46DE8}") = "Presentation", "Presentation", "{9FAF2DB8-608A-4A7D-BCA6-DF0400FBFA71}"
EndProject
Project("{9A19103F-16F7-4668-BE54-9A1E7A4F7556}") = "CommanderMinApi.Application", "src\Core\CommanderMinApi.Application\CommanderMinApi.Application.csproj", "{2980ECFE-036A-4BA6-8953-9F989AB86038}"
EndProject
Project("{9A19103F-16F7-4668-BE54-9A1E7A4F7556}") = "CommanderMinApi.Persistence", "src\Infrastructure\CommanderMinApi.Persistence\CommanderMinApi.Persistence.csproj", "{D75BF074-2E24-4EBF-B038-3851F80F8580}"
EndProject
Project("{9A19103F-16F7-4668-BE54-9A1E7A4F7556}") = "CommanderMinApi.Domain", "src\Core\CommanderMinApi.Domain\CommanderMinApi.Domain.csproj", "{7874B11E-E577-42B2-88AD-6268B09FC35A}"
EndProject
Project("{9A19103F-16F7-4668-BE54-9A1E7A4F7556}") = "CommanderMinApi.Presentation", "src\Presentation\CommanderMinApi.Presentation\CommanderMinApi.Presentation.csproj", "{EA47613F-CA78-48FC-BAFC-B90AC3D2A2FE}"
EndProject
Project("{9A19103F-16F7-4668-BE54-9A1E7A4F7556}") = "CommanderMinApi.Api", "src\Presentation\CommanderMinApi.Api\CommanderMinApi.Api.csproj", "{F6F0ABB8-ADDE-4F9B-AE77-84B3D108DFE4}"
EndProject
Project("{FAE04EC0-301F-11D3-BF4B-00C04F79EFBC}") = "CommanderMinApi.Authentication", "src\Infrastructure\CommanderMinApi.Authentication\CommanderMinApi.Authentication.csproj", "{E76D27F9-2DB2-4178-8873-5C87C53A8451}"
EndProject
Global
	GlobalSection(SolutionConfigurationPlatforms) = preSolution
		Debug|Any CPU = Debug|Any CPU
		Release|Any CPU = Release|Any CPU
	EndGlobalSection
	GlobalSection(ProjectConfigurationPlatforms) = postSolution
		{2980ECFE-036A-4BA6-8953-9F989AB86038}.Debug|Any CPU.ActiveCfg = Debug|Any CPU
		{2980ECFE-036A-4BA6-8953-9F989AB86038}.Debug|Any CPU.Build.0 = Debug|Any CPU
		{2980ECFE-036A-4BA6-8953-9F989AB86038}.Release|Any CPU.ActiveCfg = Release|Any CPU
		{2980ECFE-036A-4BA6-8953-9F989AB86038}.Release|Any CPU.Build.0 = Release|Any CPU
		{D75BF074-2E24-4EBF-B038-3851F80F8580}.Debug|Any CPU.ActiveCfg = Debug|Any CPU
		{D75BF074-2E24-4EBF-B038-3851F80F8580}.Debug|Any CPU.Build.0 = Debug|Any CPU
		{D75BF074-2E24-4EBF-B038-3851F80F8580}.Release|Any CPU.ActiveCfg = Release|Any CPU
		{D75BF074-2E24-4EBF-B038-3851F80F8580}.Release|Any CPU.Build.0 = Release|Any CPU
		{7874B11E-E577-42B2-88AD-6268B09FC35A}.Debug|Any CPU.ActiveCfg = Debug|Any CPU
		{7874B11E-E577-42B2-88AD-6268B09FC35A}.Debug|Any CPU.Build.0 = Debug|Any CPU
		{7874B11E-E577-42B2-88AD-6268B09FC35A}.Release|Any CPU.ActiveCfg = Release|Any CPU
		{7874B11E-E577-42B2-88AD-6268B09FC35A}.Release|Any CPU.Build.0 = Release|Any CPU
		{EA47613F-CA78-48FC-BAFC-B90AC3D2A2FE}.Debug|Any CPU.ActiveCfg = Debug|Any CPU
		{EA47613F-CA78-48FC-BAFC-B90AC3D2A2FE}.Debug|Any CPU.Build.0 = Debug|Any CPU
		{EA47613F-CA78-48FC-BAFC-B90AC3D2A2FE}.Release|Any CPU.ActiveCfg = Release|Any CPU
		{EA47613F-CA78-48FC-BAFC-B90AC3D2A2FE}.Release|Any CPU.Build.0 = Release|Any CPU
		{F6F0ABB8-ADDE-4F9B-AE77-84B3D108DFE4}.Debug|Any CPU.ActiveCfg = Debug|Any CPU
		{F6F0ABB8-ADDE-4F9B-AE77-84B3D108DFE4}.Debug|Any CPU.Build.0 = Debug|Any CPU
		{F6F0ABB8-ADDE-4F9B-AE77-84B3D108DFE4}.Release|Any CPU.ActiveCfg = Release|Any CPU
		{F6F0ABB8-ADDE-4F9B-AE77-84B3D108DFE4}.Release|Any CPU.Build.0 = Release|Any CPU
		{E76D27F9-2DB2-4178-8873-5C87C53A8451}.Debug|Any CPU.ActiveCfg = Debug|Any CPU
		{E76D27F9-2DB2-4178-8873-5C87C53A8451}.Debug|Any CPU.Build.0 = Debug|Any CPU
		{E76D27F9-2DB2-4178-8873-5C87C53A8451}.Release|Any CPU.ActiveCfg = Release|Any CPU
		{E76D27F9-2DB2-4178-8873-5C87C53A8451}.Release|Any CPU.Build.0 = Release|Any CPU
	EndGlobalSection
	GlobalSection(SolutionProperties) = preSolution
		HideSolutionNode = FALSE
	EndGlobalSection
	GlobalSection(NestedProjects) = preSolution
		{D31FBB35-A277-40D1-AB9F-5FA38ECA5F2B} = {BBDE2F2B-9BEB-4C5A-A26F-9F0A1D0E7DEC}
		{A4B85FF5-D7A7-46E2-B35E-5D9BEEDA5EE8} = {BBDE2F2B-9BEB-4C5A-A26F-9F0A1D0E7DEC}
		{9FAF2DB8-608A-4A7D-BCA6-DF0400FBFA71} = {BBDE2F2B-9BEB-4C5A-A26F-9F0A1D0E7DEC}
		{2980ECFE-036A-4BA6-8953-9F989AB86038} = {D31FBB35-A277-40D1-AB9F-5FA38ECA5F2B}
		{D75BF074-2E24-4EBF-B038-3851F80F8580} = {A4B85FF5-D7A7-46E2-B35E-5D9BEEDA5EE8}
		{7874B11E-E577-42B2-88AD-6268B09FC35A} = {D31FBB35-A277-40D1-AB9F-5FA38ECA5F2B}
		{EA47613F-CA78-48FC-BAFC-B90AC3D2A2FE} = {9FAF2DB8-608A-4A7D-BCA6-DF0400FBFA71}
		{F6F0ABB8-ADDE-4F9B-AE77-84B3D108DFE4} = {9FAF2DB8-608A-4A7D-BCA6-DF0400FBFA71}
		{E76D27F9-2DB2-4178-8873-5C87C53A8451} = {A4B85FF5-D7A7-46E2-B35E-5D9BEEDA5EE8}
	EndGlobalSection
	GlobalSection(ExtensibilityGlobals) = postSolution
		SolutionGuid = {18D9A843-74D4-45FA-9F51-0DF605103D06}
	EndGlobalSection
EndGlobal
